
Microsoft Visual Studio Solution File, Format Version 12.00
# Visual Studio 15
VisualStudioVersion = 15.0.27428.2002
MinimumVisualStudioVersion = 10.0.40219.1
Project("{FAE04EC0-301F-11D3-BF4B-00C04F79EFBC}") = "Project5", "Project5\Project5.csproj", "{00E040BA-78D9-4827-B5F8-B021E655D302}"
EndProject
Project("{2150E333-8FDC-42A3-9474-1A3956D46DE8}") = "Solution Items", "Solution Items", "{0160C55E-C1DD-4717-98CF-F483E678EBBD}"
	ProjectSection(SolutionItems) = preProject
		Trie.cs = Trie.cs
	EndProjectSection
EndProject
Global
	GlobalSection(SolutionConfigurationPlatforms) = preSolution
		Debug|Any CPU = Debug|Any CPU
		Release|Any CPU = Release|Any CPU
	EndGlobalSection
	GlobalSection(ProjectConfigurationPlatforms) = postSolution
		{00E040BA-78D9-4827-B5F8-B021E655D302}.Debug|Any CPU.ActiveCfg = Debug|Any CPU
		{00E040BA-78D9-4827-B5F8-B021E655D302}.Debug|Any CPU.Build.0 = Debug|Any CPU
		{00E040BA-78D9-4827-B5F8-B021E655D302}.Release|Any CPU.ActiveCfg = Release|Any CPU
		{00E040BA-78D9-4827-B5F8-B021E655D302}.Release|Any CPU.Build.0 = Release|Any CPU
	EndGlobalSection
	GlobalSection(SolutionProperties) = preSolution
		HideSolutionNode = FALSE
	EndGlobalSection
	GlobalSection(ExtensibilityGlobals) = postSolution
		SolutionGuid = {977EDB02-5E93-4347-972F-999F563ECD53}
	EndGlobalSection
EndGlobal
